
Microsoft Visual Studio Solution File, Format Version 12.00
# Visual Studio Version 17
VisualStudioVersion = 17.14.36429.23
MinimumVisualStudioVersion = 10.0.40219.1
Project("{2150E333-8FDC-42A3-9474-1A3956D46DE8}") = "Task0", "Task0", "{02EA681E-C7D8-13C7-8484-4AC65E1B71E8}"
EndProject
Project("{FAE04EC0-301F-11D3-BF4B-00C04F79EFBC}") = "Tyuiu.ShaykhelislamovaDA.Sprint2.Task0.V22.Test", "Tyuiu.ShaykhelislamovaDA.Sprint2.Task0.V22.Test\Tyuiu.ShaykhelislamovaDA.Sprint2.Task0.V22.Test.csproj", "{726BBAE7-8676-42B1-9F27-7D578EAFCD54}"
EndProject
Project("{FAE04EC0-301F-11D3-BF4B-00C04F79EFBC}") = "Tyuiu.ShaykhelislamovaDA.Sprint2.Task0.V22.Lib", "Tyuiu.ShaykhelislamovaDA.Sprint2.Task0.V22.Lib\Tyuiu.ShaykhelislamovaDA.Sprint2.Task0.V22.Lib.csproj", "{FEBB175E-3DAA-4ADF-ADC0-58AB6E057BBE}"
EndProject
Project("{FAE04EC0-301F-11D3-BF4B-00C04F79EFBC}") = "Tyuiu.ShaykhelislamovaDA.Sprint2.Task0.V22", "Tyuiu.ShaykhelislamovaDA.Sprint2.Task0.V22\Tyuiu.ShaykhelislamovaDA.Sprint2.Task0.V22.csproj", "{60016714-1C91-4878-9863-17B864A8CFE1}"
EndProject
Project("{2150E333-8FDC-42A3-9474-1A3956D46DE8}") = "Task1", "Task1", "{66CFABED-BCA6-43C3-ADA6-DD304CC22942}"
EndProject
Project("{FAE04EC0-301F-11D3-BF4B-00C04F79EFBC}") = "Tyuiu.ShaykhelislamovaDA.Sprint2.Task1.V27.Test", "Tyuiu.ShaykhelislamovaDA.Sprint2.Task1.V27.Test\Tyuiu.ShaykhelislamovaDA.Sprint2.Task1.V27.Test.csproj", "{D1C22055-2B1E-48B9-B84B-D44462A811FC}"
EndProject
Project("{FAE04EC0-301F-11D3-BF4B-00C04F79EFBC}") = "Tyuiu.ShaykhelislamovaDA.Sprint2.Task1.V27.Lib", "Tyuiu.ShaykhelislamovaDA.Sprint2.Task1.V27.Lib\Tyuiu.ShaykhelislamovaDA.Sprint2.Task1.V27.Lib.csproj", "{067FDABA-024A-44AD-AAD5-2E725C33C1A4}"
EndProject
Project("{FAE04EC0-301F-11D3-BF4B-00C04F79EFBC}") = "Tyuiu.ShaykhelislamovaDA.Sprint2.Task1.V27", "Tyuiu.ShaykhelislamovaDA.Sprint2.Task1.V27\Tyuiu.ShaykhelislamovaDA.Sprint2.Task1.V27.csproj", "{3ADD54D6-EE7C-4529-BCAD-C9E153AC5932}"
EndProject
Project("{2150E333-8FDC-42A3-9474-1A3956D46DE8}") = "Task2", "Task2", "{1EA10833-2197-4198-AD9B-8EC8A97296A4}"
EndProject
Project("{FAE04EC0-301F-11D3-BF4B-00C04F79EFBC}") = "Tyuiu.ShaykhelislamovaDA.Sprint2.Task2.V24.Test", "Tyuiu.ShaykhelislamovaDA.Sprint2.Task2.V24.Test\Tyuiu.ShaykhelislamovaDA.Sprint2.Task2.V24.Test.csproj", "{3C408E2E-8976-4E4B-BFC7-CDA09618E3A8}"
EndProject
Project("{FAE04EC0-301F-11D3-BF4B-00C04F79EFBC}") = "Tyuiu.ShaykhelislamovaDA.Sprint2.Task2.V24.Lib", "Tyuiu.ShaykhelislamovaDA.Sprint2.Task2.V24.Lib\Tyuiu.ShaykhelislamovaDA.Sprint2.Task2.V24.Lib.csproj", "{ADC5821A-A4E7-4B06-A054-75D552CE0C56}"
EndProject
Project("{FAE04EC0-301F-11D3-BF4B-00C04F79EFBC}") = "Tyuiu.ShaykhelislamovaDA.Sprint2.Task2.V24", "Tyuiu.ShaykhelislamovaDA.Sprint2.Task2.V24\Tyuiu.ShaykhelislamovaDA.Sprint2.Task2.V24.csproj", "{39F486D6-A8BE-4872-A8AE-29D1319F0BCB}"
EndProject
Project("{2150E333-8FDC-42A3-9474-1A3956D46DE8}") = "Task3", "Task3", "{EA75B04C-0D1A-48A9-B271-01F9D0CCCE23}"
EndProject
Project("{FAE04EC0-301F-11D3-BF4B-00C04F79EFBC}") = "Tyuiu.ShaykhelislamovaDA.Sprint2.Task3.V20.Test", "Tyuiu.ShaykhelislamovaDA.Sprint2.Task3.V20.Test\Tyuiu.ShaykhelislamovaDA.Sprint2.Task3.V20.Test.csproj", "{723D7148-9659-426A-B272-753418378C55}"
EndProject
Project("{FAE04EC0-301F-11D3-BF4B-00C04F79EFBC}") = "Tyuiu.ShaykhelislamovaDA.Sprint2.Task3.V20.Lib", "Tyuiu.ShaykhelislamovaDA.Sprint2.Task3.V20.Lib\Tyuiu.ShaykhelislamovaDA.Sprint2.Task3.V20.Lib.csproj", "{3DCED9C7-DECC-4FBD-BAED-482128BE053A}"
EndProject
Project("{FAE04EC0-301F-11D3-BF4B-00C04F79EFBC}") = "Tyuiu.ShaykhelislamovaDA.Sprint2.Task3.V20", "Tyuiu.ShaykhelislamovaDA.Sprint2.Task3.V20\Tyuiu.ShaykhelislamovaDA.Sprint2.Task3.V20.csproj", "{95D3ECFB-DE26-4BD0-9F8F-538A7672CC47}"
EndProject
Project("{2150E333-8FDC-42A3-9474-1A3956D46DE8}") = "Task4", "Task4", "{99E56284-B659-4E8D-B87D-ED6B4EBF56A0}"
EndProject
Project("{FAE04EC0-301F-11D3-BF4B-00C04F79EFBC}") = "Tyuiu.ShaykhelislamovaDA.Sprint2.Task4.V3.Test", "Tyuiu.ShaykhelislamovaDA.Sprint2.Task4.V3.Test\Tyuiu.ShaykhelislamovaDA.Sprint2.Task4.V3.Test.csproj", "{1C74BDD1-2A61-44DA-8345-92CBD9001282}"
EndProject
Project("{FAE04EC0-301F-11D3-BF4B-00C04F79EFBC}") = "Tyuiu.ShaykhelislamovaDA.Sprint2.Task4.V3.Lib", "Tyuiu.ShaykhelislamovaDA.Sprint2.Task4.V3.Lib\Tyuiu.ShaykhelislamovaDA.Sprint2.Task4.V3.Lib.csproj", "{6239F11F-8029-4F2E-90C3-B636ACAC3812}"
EndProject
Project("{FAE04EC0-301F-11D3-BF4B-00C04F79EFBC}") = "Tyuiu.ShaykhelislamovaDA.Sprint2.Task4.V3", "Tyuiu.ShaykhelislamovaDA.Sprint2.Task4.V3\Tyuiu.ShaykhelislamovaDA.Sprint2.Task4.V3.csproj", "{BD7F898D-FD90-4BC6-BDDD-9AA08373EDE6}"
EndProject
Project("{2150E333-8FDC-42A3-9474-1A3956D46DE8}") = "Task5", "Task5", "{DA0F5C69-8442-4882-86ED-C1547E0AEA33}"
EndProject
Project("{FAE04EC0-301F-11D3-BF4B-00C04F79EFBC}") = "Tyuiu.ShaykhelislamovaDA.Sprint2.Task5.V2.Test", "Tyuiu.ShaykhelislamovaDA.Sprint2.Task5.V2.Test\Tyuiu.ShaykhelislamovaDA.Sprint2.Task5.V2.Test.csproj", "{4D11410D-BAA7-4ECA-85A9-BCA305A90D28}"
EndProject
Project("{FAE04EC0-301F-11D3-BF4B-00C04F79EFBC}") = "Tyuiu.ShaykhelislamovaDA.Sprint2.Task5.V2.Lib", "Tyuiu.ShaykhelislamovaDA.Sprint2.Task5.V2.Lib\Tyuiu.ShaykhelislamovaDA.Sprint2.Task5.V2.Lib.csproj", "{C7421910-C472-4F34-BC4E-2B9F65E742DF}"
EndProject
Project("{FAE04EC0-301F-11D3-BF4B-00C04F79EFBC}") = "Tyuiu.ShaykhelislamovaDA.Sprint2.Task5.V2", "Tyuiu.ShaykhelislamovaDA.Sprint2.Task5.V2\Tyuiu.ShaykhelislamovaDA.Sprint2.Task5.V2.csproj", "{51DBE389-AAAB-4195-AC32-A9461EC3712A}"
EndProject
Project("{2150E333-8FDC-42A3-9474-1A3956D46DE8}") = "Task6", "Task6", "{52077EC7-C6FD-4E9B-8C1E-765F4127A6C7}"
EndProject
Project("{FAE04EC0-301F-11D3-BF4B-00C04F79EFBC}") = "Tyuiu.ShaykhelislamovaDA.Sprint2.Task6.V10.Test", "Tyuiu.ShaykhelislamovaDA.Sprint2.Task6.V10.Test\Tyuiu.ShaykhelislamovaDA.Sprint2.Task6.V10.Test.csproj", "{D449A2AC-1159-4394-B1B8-FAA145EA7E14}"
EndProject
Project("{FAE04EC0-301F-11D3-BF4B-00C04F79EFBC}") = "Tyuiu.ShaykhelislamovaDA.Sprint2.Task6.V10.Lib", "Tyuiu.ShaykhelislamovaDA.Sprint2.Task6.V10.Lib\Tyuiu.ShaykhelislamovaDA.Sprint2.Task6.V10.Lib.csproj", "{D43A30DF-81DD-41AC-A672-4BFEBB75D3D1}"
EndProject
Project("{FAE04EC0-301F-11D3-BF4B-00C04F79EFBC}") = "Tyuiu.ShaykhelislamovaDA.Sprint2.Task6.V10", "Tyuiu.ShaykhelislamovaDA.Sprint2.Task6.V10\Tyuiu.ShaykhelislamovaDA.Sprint2.Task6.V10.csproj", "{CEA5E328-62D7-4577-A2E7-1C1B353D559D}"
EndProject
Global
	GlobalSection(SolutionConfigurationPlatforms) = preSolution
		Debug|Any CPU = Debug|Any CPU
		Release|Any CPU = Release|Any CPU
	EndGlobalSection
	GlobalSection(ProjectConfigurationPlatforms) = postSolution
		{726BBAE7-8676-42B1-9F27-7D578EAFCD54}.Debug|Any CPU.ActiveCfg = Debug|Any CPU
		{726BBAE7-8676-42B1-9F27-7D578EAFCD54}.Debug|Any CPU.Build.0 = Debug|Any CPU
		{726BBAE7-8676-42B1-9F27-7D578EAFCD54}.Release|Any CPU.ActiveCfg = Release|Any CPU
		{726BBAE7-8676-42B1-9F27-7D578EAFCD54}.Release|Any CPU.Build.0 = Release|Any CPU
		{FEBB175E-3DAA-4ADF-ADC0-58AB6E057BBE}.Debug|Any CPU.ActiveCfg = Debug|Any CPU
		{FEBB175E-3DAA-4ADF-ADC0-58AB6E057BBE}.Debug|Any CPU.Build.0 = Debug|Any CPU
		{FEBB175E-3DAA-4ADF-ADC0-58AB6E057BBE}.Release|Any CPU.ActiveCfg = Release|Any CPU
		{FEBB175E-3DAA-4ADF-ADC0-58AB6E057BBE}.Release|Any CPU.Build.0 = Release|Any CPU
		{60016714-1C91-4878-9863-17B864A8CFE1}.Debug|Any CPU.ActiveCfg = Debug|Any CPU
		{60016714-1C91-4878-9863-17B864A8CFE1}.Debug|Any CPU.Build.0 = Debug|Any CPU
		{60016714-1C91-4878-9863-17B864A8CFE1}.Release|Any CPU.ActiveCfg = Release|Any CPU
		{60016714-1C91-4878-9863-17B864A8CFE1}.Release|Any CPU.Build.0 = Release|Any CPU
		{D1C22055-2B1E-48B9-B84B-D44462A811FC}.Debug|Any CPU.ActiveCfg = Debug|Any CPU
		{D1C22055-2B1E-48B9-B84B-D44462A811FC}.Debug|Any CPU.Build.0 = Debug|Any CPU
		{D1C22055-2B1E-48B9-B84B-D44462A811FC}.Release|Any CPU.ActiveCfg = Release|Any CPU
		{D1C22055-2B1E-48B9-B84B-D44462A811FC}.Release|Any CPU.Build.0 = Release|Any CPU
		{067FDABA-024A-44AD-AAD5-2E725C33C1A4}.Debug|Any CPU.ActiveCfg = Debug|Any CPU
		{067FDABA-024A-44AD-AAD5-2E725C33C1A4}.Debug|Any CPU.Build.0 = Debug|Any CPU
		{067FDABA-024A-44AD-AAD5-2E725C33C1A4}.Release|Any CPU.ActiveCfg = Release|Any CPU
		{067FDABA-024A-44AD-AAD5-2E725C33C1A4}.Release|Any CPU.Build.0 = Release|Any CPU
		{3ADD54D6-EE7C-4529-BCAD-C9E153AC5932}.Debug|Any CPU.ActiveCfg = Debug|Any CPU
		{3ADD54D6-EE7C-4529-BCAD-C9E153AC5932}.Debug|Any CPU.Build.0 = Debug|Any CPU
		{3ADD54D6-EE7C-4529-BCAD-C9E153AC5932}.Release|Any CPU.ActiveCfg = Release|Any CPU
		{3ADD54D6-EE7C-4529-BCAD-C9E153AC5932}.Release|Any CPU.Build.0 = Release|Any CPU
		{3C408E2E-8976-4E4B-BFC7-CDA09618E3A8}.Debug|Any CPU.ActiveCfg = Debug|Any CPU
		{3C408E2E-8976-4E4B-BFC7-CDA09618E3A8}.Debug|Any CPU.Build.0 = Debug|Any CPU
		{3C408E2E-8976-4E4B-BFC7-CDA09618E3A8}.Release|Any CPU.ActiveCfg = Release|Any CPU
		{3C408E2E-8976-4E4B-BFC7-CDA09618E3A8}.Release|Any CPU.Build.0 = Release|Any CPU
		{ADC5821A-A4E7-4B06-A054-75D552CE0C56}.Debug|Any CPU.ActiveCfg = Debug|Any CPU
		{ADC5821A-A4E7-4B06-A054-75D552CE0C56}.Debug|Any CPU.Build.0 = Debug|Any CPU
		{ADC5821A-A4E7-4B06-A054-75D552CE0C56}.Release|Any CPU.ActiveCfg = Release|Any CPU
		{ADC5821A-A4E7-4B06-A054-75D552CE0C56}.Release|Any CPU.Build.0 = Release|Any CPU
		{39F486D6-A8BE-4872-A8AE-29D1319F0BCB}.Debug|Any CPU.ActiveCfg = Debug|Any CPU
		{39F486D6-A8BE-4872-A8AE-29D1319F0BCB}.Debug|Any CPU.Build.0 = Debug|Any CPU
		{39F486D6-A8BE-4872-A8AE-29D1319F0BCB}.Release|Any CPU.ActiveCfg = Release|Any CPU
		{39F486D6-A8BE-4872-A8AE-29D1319F0BCB}.Release|Any CPU.Build.0 = Release|Any CPU
		{723D7148-9659-426A-B272-753418378C55}.Debug|Any CPU.ActiveCfg = Debug|Any CPU
		{723D7148-9659-426A-B272-753418378C55}.Debug|Any CPU.Build.0 = Debug|Any CPU
		{723D7148-9659-426A-B272-753418378C55}.Release|Any CPU.ActiveCfg = Release|Any CPU
		{723D7148-9659-426A-B272-753418378C55}.Release|Any CPU.Build.0 = Release|Any CPU
		{3DCED9C7-DECC-4FBD-BAED-482128BE053A}.Debug|Any CPU.ActiveCfg = Debug|Any CPU
		{3DCED9C7-DECC-4FBD-BAED-482128BE053A}.Debug|Any CPU.Build.0 = Debug|Any CPU
		{3DCED9C7-DECC-4FBD-BAED-482128BE053A}.Release|Any CPU.ActiveCfg = Release|Any CPU
		{3DCED9C7-DECC-4FBD-BAED-482128BE053A}.Release|Any CPU.Build.0 = Release|Any CPU
		{95D3ECFB-DE26-4BD0-9F8F-538A7672CC47}.Debug|Any CPU.ActiveCfg = Debug|Any CPU
		{95D3ECFB-DE26-4BD0-9F8F-538A7672CC47}.Debug|Any CPU.Build.0 = Debug|Any CPU
		{95D3ECFB-DE26-4BD0-9F8F-538A7672CC47}.Release|Any CPU.ActiveCfg = Release|Any CPU
		{95D3ECFB-DE26-4BD0-9F8F-538A7672CC47}.Release|Any CPU.Build.0 = Release|Any CPU
		{1C74BDD1-2A61-44DA-8345-92CBD9001282}.Debug|Any CPU.ActiveCfg = Debug|Any CPU
		{1C74BDD1-2A61-44DA-8345-92CBD9001282}.Debug|Any CPU.Build.0 = Debug|Any CPU
		{1C74BDD1-2A61-44DA-8345-92CBD9001282}.Release|Any CPU.ActiveCfg = Release|Any CPU
		{1C74BDD1-2A61-44DA-8345-92CBD9001282}.Release|Any CPU.Build.0 = Release|Any CPU
		{6239F11F-8029-4F2E-90C3-B636ACAC3812}.Debug|Any CPU.ActiveCfg = Debug|Any CPU
		{6239F11F-8029-4F2E-90C3-B636ACAC3812}.Debug|Any CPU.Build.0 = Debug|Any CPU
		{6239F11F-8029-4F2E-90C3-B636ACAC3812}.Release|Any CPU.ActiveCfg = Release|Any CPU
		{6239F11F-8029-4F2E-90C3-B636ACAC3812}.Release|Any CPU.Build.0 = Release|Any CPU
		{BD7F898D-FD90-4BC6-BDDD-9AA08373EDE6}.Debug|Any CPU.ActiveCfg = Debug|Any CPU
		{BD7F898D-FD90-4BC6-BDDD-9AA08373EDE6}.Debug|Any CPU.Build.0 = Debug|Any CPU
		{BD7F898D-FD90-4BC6-BDDD-9AA08373EDE6}.Release|Any CPU.ActiveCfg = Release|Any CPU
		{BD7F898D-FD90-4BC6-BDDD-9AA08373EDE6}.Release|Any CPU.Build.0 = Release|Any CPU
		{4D11410D-BAA7-4ECA-85A9-BCA305A90D28}.Debug|Any CPU.ActiveCfg = Debug|Any CPU
		{4D11410D-BAA7-4ECA-85A9-BCA305A90D28}.Debug|Any CPU.Build.0 = Debug|Any CPU
		{4D11410D-BAA7-4ECA-85A9-BCA305A90D28}.Release|Any CPU.ActiveCfg = Release|Any CPU
		{4D11410D-BAA7-4ECA-85A9-BCA305A90D28}.Release|Any CPU.Build.0 = Release|Any CPU
		{C7421910-C472-4F34-BC4E-2B9F65E742DF}.Debug|Any CPU.ActiveCfg = Debug|Any CPU
		{C7421910-C472-4F34-BC4E-2B9F65E742DF}.Debug|Any CPU.Build.0 = Debug|Any CPU
		{C7421910-C472-4F34-BC4E-2B9F65E742DF}.Release|Any CPU.ActiveCfg = Release|Any CPU
		{C7421910-C472-4F34-BC4E-2B9F65E742DF}.Release|Any CPU.Build.0 = Release|Any CPU
		{51DBE389-AAAB-4195-AC32-A9461EC3712A}.Debug|Any CPU.ActiveCfg = Debug|Any CPU
		{51DBE389-AAAB-4195-AC32-A9461EC3712A}.Debug|Any CPU.Build.0 = Debug|Any CPU
		{51DBE389-AAAB-4195-AC32-A9461EC3712A}.Release|Any CPU.ActiveCfg = Release|Any CPU
		{51DBE389-AAAB-4195-AC32-A9461EC3712A}.Release|Any CPU.Build.0 = Release|Any CPU
		{D449A2AC-1159-4394-B1B8-FAA145EA7E14}.Debug|Any CPU.ActiveCfg = Debug|Any CPU
		{D449A2AC-1159-4394-B1B8-FAA145EA7E14}.Debug|Any CPU.Build.0 = Debug|Any CPU
		{D449A2AC-1159-4394-B1B8-FAA145EA7E14}.Release|Any CPU.ActiveCfg = Release|Any CPU
		{D449A2AC-1159-4394-B1B8-FAA145EA7E14}.Release|Any CPU.Build.0 = Release|Any CPU
		{D43A30DF-81DD-41AC-A672-4BFEBB75D3D1}.Debug|Any CPU.ActiveCfg = Debug|Any CPU
		{D43A30DF-81DD-41AC-A672-4BFEBB75D3D1}.Debug|Any CPU.Build.0 = Debug|Any CPU
		{D43A30DF-81DD-41AC-A672-4BFEBB75D3D1}.Release|Any CPU.ActiveCfg = Release|Any CPU
		{D43A30DF-81DD-41AC-A672-4BFEBB75D3D1}.Release|Any CPU.Build.0 = Release|Any CPU
		{CEA5E328-62D7-4577-A2E7-1C1B353D559D}.Debug|Any CPU.ActiveCfg = Debug|Any CPU
		{CEA5E328-62D7-4577-A2E7-1C1B353D559D}.Debug|Any CPU.Build.0 = Debug|Any CPU
		{CEA5E328-62D7-4577-A2E7-1C1B353D559D}.Release|Any CPU.ActiveCfg = Release|Any CPU
		{CEA5E328-62D7-4577-A2E7-1C1B353D559D}.Release|Any CPU.Build.0 = Release|Any CPU
	EndGlobalSection
	GlobalSection(SolutionProperties) = preSolution
		HideSolutionNode = FALSE
	EndGlobalSection
	GlobalSection(NestedProjects) = preSolution
		{726BBAE7-8676-42B1-9F27-7D578EAFCD54} = {02EA681E-C7D8-13C7-8484-4AC65E1B71E8}
		{FEBB175E-3DAA-4ADF-ADC0-58AB6E057BBE} = {02EA681E-C7D8-13C7-8484-4AC65E1B71E8}
		{60016714-1C91-4878-9863-17B864A8CFE1} = {02EA681E-C7D8-13C7-8484-4AC65E1B71E8}
		{D1C22055-2B1E-48B9-B84B-D44462A811FC} = {66CFABED-BCA6-43C3-ADA6-DD304CC22942}
		{067FDABA-024A-44AD-AAD5-2E725C33C1A4} = {66CFABED-BCA6-43C3-ADA6-DD304CC22942}
		{3ADD54D6-EE7C-4529-BCAD-C9E153AC5932} = {66CFABED-BCA6-43C3-ADA6-DD304CC22942}
		{3C408E2E-8976-4E4B-BFC7-CDA09618E3A8} = {1EA10833-2197-4198-AD9B-8EC8A97296A4}
		{ADC5821A-A4E7-4B06-A054-75D552CE0C56} = {1EA10833-2197-4198-AD9B-8EC8A97296A4}
		{39F486D6-A8BE-4872-A8AE-29D1319F0BCB} = {1EA10833-2197-4198-AD9B-8EC8A97296A4}
		{723D7148-9659-426A-B272-753418378C55} = {EA75B04C-0D1A-48A9-B271-01F9D0CCCE23}
		{3DCED9C7-DECC-4FBD-BAED-482128BE053A} = {EA75B04C-0D1A-48A9-B271-01F9D0CCCE23}
		{95D3ECFB-DE26-4BD0-9F8F-538A7672CC47} = {EA75B04C-0D1A-48A9-B271-01F9D0CCCE23}
		{1C74BDD1-2A61-44DA-8345-92CBD9001282} = {99E56284-B659-4E8D-B87D-ED6B4EBF56A0}
		{6239F11F-8029-4F2E-90C3-B636ACAC3812} = {99E56284-B659-4E8D-B87D-ED6B4EBF56A0}
		{BD7F898D-FD90-4BC6-BDDD-9AA08373EDE6} = {99E56284-B659-4E8D-B87D-ED6B4EBF56A0}
		{4D11410D-BAA7-4ECA-85A9-BCA305A90D28} = {DA0F5C69-8442-4882-86ED-C1547E0AEA33}
		{C7421910-C472-4F34-BC4E-2B9F65E742DF} = {DA0F5C69-8442-4882-86ED-C1547E0AEA33}
		{51DBE389-AAAB-4195-AC32-A9461EC3712A} = {DA0F5C69-8442-4882-86ED-C1547E0AEA33}
		{D449A2AC-1159-4394-B1B8-FAA145EA7E14} = {52077EC7-C6FD-4E9B-8C1E-765F4127A6C7}
		{D43A30DF-81DD-41AC-A672-4BFEBB75D3D1} = {52077EC7-C6FD-4E9B-8C1E-765F4127A6C7}
		{CEA5E328-62D7-4577-A2E7-1C1B353D559D} = {52077EC7-C6FD-4E9B-8C1E-765F4127A6C7}
	EndGlobalSection
	GlobalSection(ExtensibilityGlobals) = postSolution
		SolutionGuid = {06B8B476-DFBB-49AE-AE17-0DB20AAE3BE7}
	EndGlobalSection
EndGlobal
